
Microsoft Visual Studio Solution File, Format Version 12.00
# Visual Studio Version 17
VisualStudioVersion = 17.4.33213.308
MinimumVisualStudioVersion = 10.0.40219.1
Project("{FAE04EC0-301F-11D3-BF4B-00C04F79EFBC}") = "pr", "pr\pr.csproj", "{7A2BACDA-142E-40A0-9F2D-C2896011E401}"
EndProject
Global
	GlobalSection(SolutionConfigurationPlatforms) = preSolution
		Debug|Any CPU = Debug|Any CPU
		Release|Any CPU = Release|Any CPU
	EndGlobalSection
	GlobalSection(ProjectConfigurationPlatforms) = postSolution
		{7A2BACDA-142E-40A0-9F2D-C2896011E401}.Debug|Any CPU.ActiveCfg = Debug|Any CPU
		{7A2BACDA-142E-40A0-9F2D-C2896011E401}.Debug|Any CPU.Build.0 = Debug|Any CPU
		{7A2BACDA-142E-40A0-9F2D-C2896011E401}.Release|Any CPU.ActiveCfg = Release|Any CPU
		{7A2BACDA-142E-40A0-9F2D-C2896011E401}.Release|Any CPU.Build.0 = Release|Any CPU
	EndGlobalSection
	GlobalSection(SolutionProperties) = preSolution
		HideSolutionNode = FALSE
	EndGlobalSection
	GlobalSection(ExtensibilityGlobals) = postSolution
		SolutionGuid = {CD9C2C62-621B-45CD-A4F5-48A4DA67756A}
	EndGlobalSection
EndGlobal
